
Microsoft Visual Studio Solution File, Format Version 12.00
# Visual Studio Version 16
VisualStudioVersion = 16.0.29519.87
MinimumVisualStudioVersion = 10.0.40219.1
Project("{FAE04EC0-301F-11D3-BF4B-00C04F79EFBC}") = "Petscout.Android", "Petscout\Petscout.Android\Petscout.Android.csproj", "{58D14DA1-843F-40AE-A548-1A660CFB178A}"
EndProject
Project("{FAE04EC0-301F-11D3-BF4B-00C04F79EFBC}") = "Petscout.iOS", "Petscout\Petscout.iOS\Petscout.iOS.csproj", "{B0BB9E34-0BA0-47F9-9821-6595A9060163}"
EndProject
Project("{FAE04EC0-301F-11D3-BF4B-00C04F79EFBC}") = "Petscout", "Petscout\Petscout\Petscout.csproj", "{DE3D5532-44AE-47C1-870B-4D5F1F71E8A2}"
EndProject
Global
	GlobalSection(SolutionConfigurationPlatforms) = preSolution
		Debug|Any CPU = Debug|Any CPU
		Debug|iPhone = Debug|iPhone
		Debug|iPhoneSimulator = Debug|iPhoneSimulator
		Release|Any CPU = Release|Any CPU
		Release|iPhone = Release|iPhone
		Release|iPhoneSimulator = Release|iPhoneSimulator
	EndGlobalSection
	GlobalSection(ProjectConfigurationPlatforms) = postSolution
		{58D14DA1-843F-40AE-A548-1A660CFB178A}.Debug|Any CPU.ActiveCfg = Debug|Any CPU
		{58D14DA1-843F-40AE-A548-1A660CFB178A}.Debug|Any CPU.Build.0 = Debug|Any CPU
		{58D14DA1-843F-40AE-A548-1A660CFB178A}.Debug|Any CPU.Deploy.0 = Debug|Any CPU
		{58D14DA1-843F-40AE-A548-1A660CFB178A}.Debug|iPhone.ActiveCfg = Debug|Any CPU
		{58D14DA1-843F-40AE-A548-1A660CFB178A}.Debug|iPhone.Build.0 = Debug|Any CPU
		{58D14DA1-843F-40AE-A548-1A660CFB178A}.Debug|iPhone.Deploy.0 = Debug|Any CPU
		{58D14DA1-843F-40AE-A548-1A660CFB178A}.Debug|iPhoneSimulator.ActiveCfg = Debug|Any CPU
		{58D14DA1-843F-40AE-A548-1A660CFB178A}.Debug|iPhoneSimulator.Build.0 = Debug|Any CPU
		{58D14DA1-843F-40AE-A548-1A660CFB178A}.Debug|iPhoneSimulator.Deploy.0 = Debug|Any CPU
		{58D14DA1-843F-40AE-A548-1A660CFB178A}.Release|Any CPU.ActiveCfg = Release|Any CPU
		{58D14DA1-843F-40AE-A548-1A660CFB178A}.Release|Any CPU.Build.0 = Release|Any CPU
		{58D14DA1-843F-40AE-A548-1A660CFB178A}.Release|Any CPU.Deploy.0 = Release|Any CPU
		{58D14DA1-843F-40AE-A548-1A660CFB178A}.Release|iPhone.ActiveCfg = Release|Any CPU
		{58D14DA1-843F-40AE-A548-1A660CFB178A}.Release|iPhone.Build.0 = Release|Any CPU
		{58D14DA1-843F-40AE-A548-1A660CFB178A}.Release|iPhone.Deploy.0 = Release|Any CPU
		{58D14DA1-843F-40AE-A548-1A660CFB178A}.Release|iPhoneSimulator.ActiveCfg = Release|Any CPU
		{58D14DA1-843F-40AE-A548-1A660CFB178A}.Release|iPhoneSimulator.Build.0 = Release|Any CPU
		{58D14DA1-843F-40AE-A548-1A660CFB178A}.Release|iPhoneSimulator.Deploy.0 = Release|Any CPU
		{B0BB9E34-0BA0-47F9-9821-6595A9060163}.Debug|Any CPU.ActiveCfg = Debug|iPhoneSimulator
		{B0BB9E34-0BA0-47F9-9821-6595A9060163}.Debug|Any CPU.Build.0 = Debug|iPhoneSimulator
		{B0BB9E34-0BA0-47F9-9821-6595A9060163}.Debug|Any CPU.Deploy.0 = Debug|iPhoneSimulator
		{B0BB9E34-0BA0-47F9-9821-6595A9060163}.Debug|iPhone.ActiveCfg = Debug|iPhone
		{B0BB9E34-0BA0-47F9-9821-6595A9060163}.Debug|iPhone.Build.0 = Debug|iPhone
		{B0BB9E34-0BA0-47F9-9821-6595A9060163}.Debug|iPhone.Deploy.0 = Debug|iPhone
		{B0BB9E34-0BA0-47F9-9821-6595A9060163}.Debug|iPhoneSimulator.ActiveCfg = Debug|iPhoneSimulator
		{B0BB9E34-0BA0-47F9-9821-6595A9060163}.Debug|iPhoneSimulator.Build.0 = Debug|iPhoneSimulator
		{B0BB9E34-0BA0-47F9-9821-6595A9060163}.Debug|iPhoneSimulator.Deploy.0 = Debug|iPhoneSimulator
		{B0BB9E34-0BA0-47F9-9821-6595A9060163}.Release|Any CPU.ActiveCfg = Release|iPhone
		{B0BB9E34-0BA0-47F9-9821-6595A9060163}.Release|Any CPU.Build.0 = Release|iPhone
		{B0BB9E34-0BA0-47F9-9821-6595A9060163}.Release|Any CPU.Deploy.0 = Release|iPhone
		{B0BB9E34-0BA0-47F9-9821-6595A9060163}.Release|iPhone.ActiveCfg = Release|iPhone
		{B0BB9E34-0BA0-47F9-9821-6595A9060163}.Release|iPhone.Build.0 = Release|iPhone
		{B0BB9E34-0BA0-47F9-9821-6595A9060163}.Release|iPhone.Deploy.0 = Release|iPhone
		{B0BB9E34-0BA0-47F9-9821-6595A9060163}.Release|iPhoneSimulator.ActiveCfg = Release|iPhoneSimulator
		{B0BB9E34-0BA0-47F9-9821-6595A9060163}.Release|iPhoneSimulator.Build.0 = Release|iPhoneSimulator
		{B0BB9E34-0BA0-47F9-9821-6595A9060163}.Release|iPhoneSimulator.Deploy.0 = Release|iPhoneSimulator
		{DE3D5532-44AE-47C1-870B-4D5F1F71E8A2}.Debug|Any CPU.ActiveCfg = Debug|Any CPU
		{DE3D5532-44AE-47C1-870B-4D5F1F71E8A2}.Debug|Any CPU.Build.0 = Debug|Any CPU
		{DE3D5532-44AE-47C1-870B-4D5F1F71E8A2}.Debug|Any CPU.Deploy.0 = Debug|Any CPU
		{DE3D5532-44AE-47C1-870B-4D5F1F71E8A2}.Debug|iPhone.ActiveCfg = Debug|Any CPU
		{DE3D5532-44AE-47C1-870B-4D5F1F71E8A2}.Debug|iPhone.Build.0 = Debug|Any CPU
		{DE3D5532-44AE-47C1-870B-4D5F1F71E8A2}.Debug|iPhone.Deploy.0 = Debug|Any CPU
		{DE3D5532-44AE-47C1-870B-4D5F1F71E8A2}.Debug|iPhoneSimulator.ActiveCfg = Debug|Any CPU
		{DE3D5532-44AE-47C1-870B-4D5F1F71E8A2}.Debug|iPhoneSimulator.Build.0 = Debug|Any CPU
		{DE3D5532-44AE-47C1-870B-4D5F1F71E8A2}.Debug|iPhoneSimulator.Deploy.0 = Debug|Any CPU
		{DE3D5532-44AE-47C1-870B-4D5F1F71E8A2}.Release|Any CPU.ActiveCfg = Release|Any CPU
		{DE3D5532-44AE-47C1-870B-4D5F1F71E8A2}.Release|Any CPU.Build.0 = Release|Any CPU
		{DE3D5532-44AE-47C1-870B-4D5F1F71E8A2}.Release|Any CPU.Deploy.0 = Release|Any CPU
		{DE3D5532-44AE-47C1-870B-4D5F1F71E8A2}.Release|iPhone.ActiveCfg = Release|Any CPU
		{DE3D5532-44AE-47C1-870B-4D5F1F71E8A2}.Release|iPhone.Build.0 = Release|Any CPU
		{DE3D5532-44AE-47C1-870B-4D5F1F71E8A2}.Release|iPhone.Deploy.0 = Release|Any CPU
		{DE3D5532-44AE-47C1-870B-4D5F1F71E8A2}.Release|iPhoneSimulator.ActiveCfg = Release|Any CPU
		{DE3D5532-44AE-47C1-870B-4D5F1F71E8A2}.Release|iPhoneSimulator.Build.0 = Release|Any CPU
		{DE3D5532-44AE-47C1-870B-4D5F1F71E8A2}.Release|iPhoneSimulator.Deploy.0 = Release|Any CPU
	EndGlobalSection
	GlobalSection(SolutionProperties) = preSolution
		HideSolutionNode = FALSE
	EndGlobalSection
	GlobalSection(ExtensibilityGlobals) = postSolution
		SolutionGuid = {C1E957B6-9292-486F-8ADC-04DF69E9387D}
	EndGlobalSection
EndGlobal
